
Microsoft Visual Studio Solution File, Format Version 12.00
# Visual Studio Version 16
VisualStudioVersion = 16.0.30717.126
MinimumVisualStudioVersion = 10.0.40219.1
Project("{FAE04EC0-301F-11D3-BF4B-00C04F79EFBC}") = "BasicClassConcepts", "BasicClassConcepts\BasicClassConcepts.csproj", "{736A3FD1-7838-473A-91CD-59A9DFBAD2BF}"
EndProject
Global
	GlobalSection(SolutionConfigurationPlatforms) = preSolution
		Debug|Any CPU = Debug|Any CPU
		Release|Any CPU = Release|Any CPU
	EndGlobalSection
	GlobalSection(ProjectConfigurationPlatforms) = postSolution
		{736A3FD1-7838-473A-91CD-59A9DFBAD2BF}.Debug|Any CPU.ActiveCfg = Debug|Any CPU
		{736A3FD1-7838-473A-91CD-59A9DFBAD2BF}.Debug|Any CPU.Build.0 = Debug|Any CPU
		{736A3FD1-7838-473A-91CD-59A9DFBAD2BF}.Release|Any CPU.ActiveCfg = Release|Any CPU
		{736A3FD1-7838-473A-91CD-59A9DFBAD2BF}.Release|Any CPU.Build.0 = Release|Any CPU
	EndGlobalSection
	GlobalSection(SolutionProperties) = preSolution
		HideSolutionNode = FALSE
	EndGlobalSection
	GlobalSection(ExtensibilityGlobals) = postSolution
		SolutionGuid = {9669C048-F929-4A42-BB2B-E85F4E5DD73C}
	EndGlobalSection
EndGlobal
