
Microsoft Visual Studio Solution File, Format Version 12.00
# Visual Studio Version 16
VisualStudioVersion = 16.0.30717.126
MinimumVisualStudioVersion = 10.0.40219.1
Project("{FAE04EC0-301F-11D3-BF4B-00C04F79EFBC}") = "Assign4-3a", "Assign4-3a\Assign4-3a.csproj", "{51A09597-E2FD-41D0-8DD5-9FC0830FFF8D}"
EndProject
Global
	GlobalSection(SolutionConfigurationPlatforms) = preSolution
		Debug|Any CPU = Debug|Any CPU
		Release|Any CPU = Release|Any CPU
	EndGlobalSection
	GlobalSection(ProjectConfigurationPlatforms) = postSolution
		{51A09597-E2FD-41D0-8DD5-9FC0830FFF8D}.Debug|Any CPU.ActiveCfg = Debug|Any CPU
		{51A09597-E2FD-41D0-8DD5-9FC0830FFF8D}.Debug|Any CPU.Build.0 = Debug|Any CPU
		{51A09597-E2FD-41D0-8DD5-9FC0830FFF8D}.Release|Any CPU.ActiveCfg = Release|Any CPU
		{51A09597-E2FD-41D0-8DD5-9FC0830FFF8D}.Release|Any CPU.Build.0 = Release|Any CPU
	EndGlobalSection
	GlobalSection(SolutionProperties) = preSolution
		HideSolutionNode = FALSE
	EndGlobalSection
	GlobalSection(ExtensibilityGlobals) = postSolution
		SolutionGuid = {F386FBD7-204A-4D61-A275-292A37D28128}
	EndGlobalSection
EndGlobal
