
Microsoft Visual Studio Solution File, Format Version 12.00
# Visual Studio Version 16
VisualStudioVersion = 16.0.30717.126
MinimumVisualStudioVersion = 10.0.40219.1
Project("{FAE04EC0-301F-11D3-BF4B-00C04F79EFBC}") = "Assign6-4", "Assign6-4\Assign6-4.csproj", "{FEC556EF-6518-4FD4-BF6F-FF6C99D3B6EA}"
EndProject
Global
	GlobalSection(SolutionConfigurationPlatforms) = preSolution
		Debug|Any CPU = Debug|Any CPU
		Release|Any CPU = Release|Any CPU
	EndGlobalSection
	GlobalSection(ProjectConfigurationPlatforms) = postSolution
		{FEC556EF-6518-4FD4-BF6F-FF6C99D3B6EA}.Debug|Any CPU.ActiveCfg = Debug|Any CPU
		{FEC556EF-6518-4FD4-BF6F-FF6C99D3B6EA}.Debug|Any CPU.Build.0 = Debug|Any CPU
		{FEC556EF-6518-4FD4-BF6F-FF6C99D3B6EA}.Release|Any CPU.ActiveCfg = Release|Any CPU
		{FEC556EF-6518-4FD4-BF6F-FF6C99D3B6EA}.Release|Any CPU.Build.0 = Release|Any CPU
	EndGlobalSection
	GlobalSection(SolutionProperties) = preSolution
		HideSolutionNode = FALSE
	EndGlobalSection
	GlobalSection(ExtensibilityGlobals) = postSolution
		SolutionGuid = {14E9DE7C-E86A-4660-B207-B144ED00AA89}
	EndGlobalSection
EndGlobal
